// !$*UTF8*$!
{
	archiveVersion = 1;
	classes = {
	};
	objectVersion = 46;
	objects = {

/* Begin PBXBuildFile section */
		579D315A1DC341F80003ABC2 /* main.m in Sources */ = {isa = PBXBuildFile; fileRef = 579D31591DC341F80003ABC2 /* main.m */; };
		579D315D1DC341F80003ABC2 /* AppDelegate.m in Sources */ = {isa = PBXBuildFile; fileRef = 579D315C1DC341F80003ABC2 /* AppDelegate.m */; };
		579D31601DC341F80003ABC2 /* ViewController.m in Sources */ = {isa = PBXBuildFile; fileRef = 579D315F1DC341F80003ABC2 /* ViewController.m */; };
		579D31631DC341F80003ABC2 /* Main.storyboard in Resources */ = {isa = PBXBuildFile; fileRef = 579D31611DC341F80003ABC2 /* Main.storyboard */; };
		579D31651DC341F80003ABC2 /* Assets.xcassets in Resources */ = {isa = PBXBuildFile; fileRef = 579D31641DC341F80003ABC2 /* Assets.xcassets */; };
		579D31681DC341F80003ABC2 /* LaunchScreen.storyboard in Resources */ = {isa = PBXBuildFile; fileRef = 579D31661DC341F80003ABC2 /* LaunchScreen.storyboard */; };
		579D31731DC341F80003ABC2 /* TestCollectionViewTests.m in Sources */ = {isa = PBXBuildFile; fileRef = 579D31721DC341F80003ABC2 /* TestCollectionViewTests.m */; };
		579D317E1DC341F80003ABC2 /* TestCollectionViewUITests.m in Sources */ = {isa = PBXBuildFile; fileRef = 579D317D1DC341F80003ABC2 /* TestCollectionViewUITests.m */; };
/* End PBXBuildFile section */

/* Begin PBXContainerItemProxy section */
		579D316F1DC341F80003ABC2 /* PBXContainerItemProxy */ = {
			isa = PBXContainerItemProxy;
			containerPortal = 579D314D1DC341F80003ABC2 /* Project object */;
			proxyType = 1;
			remoteGlobalIDString = 579D31541DC341F80003ABC2;
			remoteInfo = TestCollectionView;
		};
		579D317A1DC341F80003ABC2 /* PBXContainerItemProxy */ = {
			isa = PBXContainerItemProxy;
			containerPortal = 579D314D1DC341F80003ABC2 /* Project object */;
			proxyType = 1;
			remoteGlobalIDString = 579D31541DC341F80003ABC2;
			remoteInfo = TestCollectionView;
		};
/* End PBXContainerItemProxy section */

/* Begin PBXFileReference section */
		579D31551DC341F80003ABC2 /* TestCollectionView.app */ = {isa = PBXFileReference; explicitFileType = wrapper.application; includeInIndex = 0; path = TestCollectionView.app; sourceTree = BUILT_PRODUCTS_DIR; };
		579D31591DC341F80003ABC2 /* main.m */ = {isa = PBXFileReference; lastKnownFileType = sourcecode.c.objc; path = main.m; sourceTree = "<group>"; };
		579D315B1DC341F80003ABC2 /* AppDelegate.h */ = {isa = PBXFileReference; lastKnownFileType = sourcecode.c.h; path = AppDelegate.h; sourceTree = "<group>"; };
		579D315C1DC341F80003ABC2 /* AppDelegate.m */ = {isa = PBXFileReference; lastKnownFileType = sourcecode.c.objc; path = AppDelegate.m; sourceTree = "<group>"; };
		579D315E1DC341F80003ABC2 /* ViewController.h */ = {isa = PBXFileReference; lastKnownFileType = sourcecode.c.h; path = ViewController.h; sourceTree = "<group>"; };
		579D315F1DC341F80003ABC2 /* ViewController.m */ = {isa = PBXFileReference; lastKnownFileType = sourcecode.c.objc; path = ViewController.m; sourceTree = "<group>"; };
		579D31621DC341F80003ABC2 /* Base */ = {isa = PBXFileReference; lastKnownFileType = file.storyboard; name = Base; path = Base.lproj/Main.storyboard; sourceTree = "<group>"; };
		579D31641DC341F80003ABC2 /* Assets.xcassets */ = {isa = PBXFileReference; lastKnownFileType = folder.assetcatalog; path = Assets.xcassets; sourceTree = "<group>"; };
		579D31671DC341F80003ABC2 /* Base */ = {isa = PBXFileReference; lastKnownFileType = file.storyboard; name = Base; path = Base.lproj/LaunchScreen.storyboard; sourceTree = "<group>"; };
		579D31691DC341F80003ABC2 /* Info.plist */ = {isa = PBXFileReference; lastKnownFileType = text.plist.xml; path = Info.plist; sourceTree = "<group>"; };
		579D316E1DC341F80003ABC2 /* TestCollectionViewTests.xctest */ = {isa = PBXFileReference; explicitFileType = wrapper.cfbundle; includeInIndex = 0; path = TestCollectionViewTests.xctest; sourceTree = BUILT_PRODUCTS_DIR; };
		579D31721DC341F80003ABC2 /* TestCollectionViewTests.m */ = {isa = PBXFileReference; lastKnownFileType = sourcecode.c.objc; path = TestCollectionViewTests.m; sourceTree = "<group>"; };
		579D31741DC341F80003ABC2 /* Info.plist */ = {isa = PBXFileReference; lastKnownFileType = text.plist.xml; path = Info.plist; sourceTree = "<group>"; };
		579D31791DC341F80003ABC2 /* TestCollectionViewUITests.xctest */ = {isa = PBXFileReference; explicitFileType = wrapper.cfbundle; includeInIndex = 0; path = TestCollectionViewUITests.xctest; sourceTree = BUILT_PRODUCTS_DIR; };
		579D317D1DC341F80003ABC2 /* TestCollectionViewUITests.m */ = {isa = PBXFileReference; lastKnownFileType = sourcecode.c.objc; path = TestCollectionViewUITests.m; sourceTree = "<group>"; };
		579D317F1DC341F80003ABC2 /* Info.plist */ = {isa = PBXFileReference; lastKnownFileType = text.plist.xml; path = Info.plist; sourceTree = "<group>"; };
/* End PBXFileReference section */

/* Begin PBXFrameworksBuildPhase section */
		579D31521DC341F80003ABC2 /* Frameworks */ = {
			isa = PBXFrameworksBuildPhase;
			buildActionMask = 2147483647;
			files = (
			);
			runOnlyForDeploymentPostprocessing = 0;
		};
		579D316B1DC341F80003ABC2 /* Frameworks */ = {
			isa = PBXFrameworksBuildPhase;
			buildActionMask = 2147483647;
			files = (
			);
			runOnlyForDeploymentPostprocessing = 0;
		};
		579D31761DC341F80003ABC2 /* Frameworks */ = {
			isa = PBXFrameworksBuildPhase;
			buildActionMask = 2147483647;
			files = (
			);
			runOnlyForDeploymentPostprocessing = 0;
		};
/* End PBXFrameworksBuildPhase section */

/* Begin PBXGroup section */
		579D314C1DC341F80003ABC2 = {
			isa = PBXGroup;
			children = (
				579D31571DC341F80003ABC2 /* TestCollectionView */,
				579D31711DC341F80003ABC2 /* TestCollectionViewTests */,
				579D317C1DC341F80003ABC2 /* TestCollectionViewUITests */,
				579D31561DC341F80003ABC2 /* Products */,
			);
			sourceTree = "<group>";
		};
		579D31561DC341F80003ABC2 /* Products */ = {
			isa = PBXGroup;
			children = (
				579D31551DC341F80003ABC2 /* TestCollectionView.app */,
				579D316E1DC341F80003ABC2 /* TestCollectionViewTests.xctest */,
				579D31791DC341F80003ABC2 /* TestCollectionViewUITests.xctest */,
			);
			name = Products;
			sourceTree = "<group>";
		};
		579D31571DC341F80003ABC2 /* TestCollectionView */ = {
			isa = PBXGroup;
			children = (
				579D315B1DC341F80003ABC2 /* AppDelegate.h */,
				579D315C1DC341F80003ABC2 /* AppDelegate.m */,
				579D315E1DC341F80003ABC2 /* ViewController.h */,
				579D315F1DC341F80003ABC2 /* ViewController.m */,
				579D31611DC341F80003ABC2 /* Main.storyboard */,
				579D31641DC341F80003ABC2 /* Assets.xcassets */,
				579D31661DC341F80003ABC2 /* LaunchScreen.storyboard */,
				579D31691DC341F80003ABC2 /* Info.plist */,
				579D31581DC341F80003ABC2 /* Supporting Files */,
			);
			path = TestCollectionView;
			sourceTree = "<group>";
		};
		579D31581DC341F80003ABC2 /* Supporting Files */ = {
			isa = PBXGroup;
			children = (
				579D31591DC341F80003ABC2 /* main.m */,
			);
			name = "Supporting Files";
			sourceTree = "<group>";
		};
		579D31711DC341F80003ABC2 /* TestCollectionViewTests */ = {
			isa = PBXGroup;
			children = (
				579D31721DC341F80003ABC2 /* TestCollectionViewTests.m */,
				579D31741DC341F80003ABC2 /* Info.plist */,
			);
			path = TestCollectionViewTests;
			sourceTree = "<group>";
		};
		579D317C1DC341F80003ABC2 /* TestCollectionViewUITests */ = {
			isa = PBXGroup;
			children = (
				579D317D1DC341F80003ABC2 /* TestCollectionViewUITests.m */,
				579D317F1DC341F80003ABC2 /* Info.plist */,
			);
			path = TestCollectionViewUITests;
			sourceTree = "<group>";
		};
/* End PBXGroup section */

/* Begin PBXNativeTarget section */
		579D31541DC341F80003ABC2 /* TestCollectionView */ = {
			isa = PBXNativeTarget;
			buildConfigurationList = 579D31821DC341F80003ABC2 /* Build configuration list for PBXNativeTarget "TestCollectionView" */;
			buildPhases = (
				579D31511DC341F80003ABC2 /* Sources */,
				579D31521DC341F80003ABC2 /* Frameworks */,
				579D31531DC341F80003ABC2 /* Resources */,
			);
			buildRules = (
			);
			dependencies = (
			);
			name = TestCollectionView;
			productName = TestCollectionView;
			productReference = 579D31551DC341F80003ABC2 /* TestCollectionView.app */;
			productType = "com.apple.product-type.application";
		};
		579D316D1DC341F80003ABC2 /* TestCollectionViewTests */ = {
			isa = PBXNativeTarget;
			buildConfigurationList = 579D31851DC341F80003ABC2 /* Build configuration list for PBXNativeTarget "TestCollectionViewTests" */;
			buildPhases = (
				579D316A1DC341F80003ABC2 /* Sources */,
				579D316B1DC341F80003ABC2 /* Frameworks */,
				579D316C1DC341F80003ABC2 /* Resources */,
			);
			buildRules = (
			);
			dependencies = (
				579D31701DC341F80003ABC2 /* PBXTargetDependency */,
			);
			name = TestCollectionViewTests;
			productName = TestCollectionViewTests;
			productReference = 579D316E1DC341F80003ABC2 /* TestCollectionViewTests.xctest */;
			productType = "com.apple.product-type.bundle.unit-test";
		};
		579D31781DC341F80003ABC2 /* TestCollectionViewUITests */ = {
			isa = PBXNativeTarget;
			buildConfigurationList = 579D31881DC341F80003ABC2 /* Build configuration list for PBXNativeTarget "TestCollectionViewUITests" */;
			buildPhases = (
				579D31751DC341F80003ABC2 /* Sources */,
				579D31761DC341F80003ABC2 /* Frameworks */,
				579D31771DC341F80003ABC2 /* Resources */,
			);
			buildRules = (
			);
			dependencies = (
				579D317B1DC341F80003ABC2 /* PBXTargetDependency */,
			);
			name = TestCollectionViewUITests;
			productName = TestCollectionViewUITests;
			productReference = 579D31791DC341F80003ABC2 /* TestCollectionViewUITests.xctest */;
			productType = "com.apple.product-type.bundle.ui-testing";
		};
/* End PBXNativeTarget section */

/* Begin PBXProject section */
		579D314D1DC341F80003ABC2 /* Project object */ = {
			isa = PBXProject;
			attributes = {
				CLASSPREFIX = SiS;
				LastUpgradeCheck = 0800;
				ORGANIZATIONNAME = "Stanly Shiyanovskiy";
				TargetAttributes = {
					579D31541DC341F80003ABC2 = {
						CreatedOnToolsVersion = 8.0;
						DevelopmentTeam = 3PTYV272Z4;
						ProvisioningStyle = Automatic;
					};
					579D316D1DC341F80003ABC2 = {
						CreatedOnToolsVersion = 8.0;
						DevelopmentTeam = 3PTYV272Z4;
						ProvisioningStyle = Automatic;
						TestTargetID = 579D31541DC341F80003ABC2;
					};
					579D31781DC341F80003ABC2 = {
						CreatedOnToolsVersion = 8.0;
						DevelopmentTeam = 3PTYV272Z4;
						ProvisioningStyle = Automatic;
						TestTargetID = 579D31541DC341F80003ABC2;
					};
				};
			};
			buildConfigurationList = 579D31501DC341F80003ABC2 /* Build configuration list for PBXProject "TestCollectionView" */;
			compatibilityVersion = "Xcode 3.2";
			developmentRegion = English;
			hasScannedForEncodings = 0;
			knownRegions = (
				en,
				Base,
			);
			mainGroup = 579D314C1DC341F80003ABC2;
			productRefGroup = 579D31561DC341F80003ABC2 /* Products */;
			projectDirPath = "";
			projectRoot = "";
			targets = (
				579D31541DC341F80003ABC2 /* TestCollectionView */,
				579D316D1DC341F80003ABC2 /* TestCollectionViewTests */,
				579D31781DC341F80003ABC2 /* TestCollectionViewUITests */,
			);
		};
/* End PBXProject section */

/* Begin PBXResourcesBuildPhase section */
		579D31531DC341F80003ABC2 /* Resources */ = {
			isa = PBXResourcesBuildPhase;
			buildActionMask = 2147483647;
			files = (
				579D31681DC341F80003ABC2 /* LaunchScreen.storyboard in Resources */,
				579D31651DC341F80003ABC2 /* Assets.xcassets in Resources */,
				579D31631DC341F80003ABC2 /* Main.storyboard in Resources */,
			);
			runOnlyForDeploymentPostprocessing = 0;
		};
		579D316C1DC341F80003ABC2 /* Resources */ = {
			isa = PBXResourcesBuildPhase;
			buildActionMask = 2147483647;
			files = (
			);
			runOnlyForDeploymentPostprocessing = 0;
		};
		579D31771DC341F80003ABC2 /* Resources */ = {
			isa = PBXResourcesBuildPhase;
			buildActionMask = 2147483647;
			files = (
			);
			runOnlyForDeploymentPostprocessing = 0;
		};
/* End PBXResourcesBuildPhase section */

/* Begin PBXSourcesBuildPhase section */
		579D31511DC341F80003ABC2 /* Sources */ = {
			isa = PBXSourcesBuildPhase;
			buildActionMask = 2147483647;
			files = (
				579D31601DC341F80003ABC2 /* ViewController.m in Sources */,
				579D315D1DC341F80003ABC2 /* AppDelegate.m in Sources */,
				579D315A1DC341F80003ABC2 /* main.m in Sources */,
			);
			runOnlyForDeploymentPostprocessing = 0;
		};
		579D316A1DC341F80003ABC2 /* Sources */ = {
			isa = PBXSourcesBuildPhase;
			buildActionMask = 2147483647;
			files = (
				579D31731DC341F80003ABC2 /* TestCollectionViewTests.m in Sources */,
			);
			runOnlyForDeploymentPostprocessing = 0;
		};
		579D31751DC341F80003ABC2 /* Sources */ = {
			isa = PBXSourcesBuildPhase;
			buildActionMask = 2147483647;
			files = (
				579D317E1DC341F80003ABC2 /* TestCollectionViewUITests.m in Sources */,
			);
			runOnlyForDeploymentPostprocessing = 0;
		};
/* End PBXSourcesBuildPhase section */

/* Begin PBXTargetDependency section */
		579D31701DC341F80003ABC2 /* PBXTargetDependency */ = {
			isa = PBXTargetDependency;
			target = 579D31541DC341F80003ABC2 /* TestCollectionView */;
			targetProxy = 579D316F1DC341F80003ABC2 /* PBXContainerItemProxy */;
		};
		579D317B1DC341F80003ABC2 /* PBXTargetDependency */ = {
			isa = PBXTargetDependency;
			target = 579D31541DC341F80003ABC2 /* TestCollectionView */;
			targetProxy = 579D317A1DC341F80003ABC2 /* PBXContainerItemProxy */;
		};
/* End PBXTargetDependency section */

/* Begin PBXVariantGroup section */
		579D31611DC341F80003ABC2 /* Main.storyboard */ = {
			isa = PBXVariantGroup;
			children = (
				579D31621DC341F80003ABC2 /* Base */,
			);
			name = Main.storyboard;
			sourceTree = "<group>";
		};
		579D31661DC341F80003ABC2 /* LaunchScreen.storyboard */ = {
			isa = PBXVariantGroup;
			children = (
				579D31671DC341F80003ABC2 /* Base */,
			);
			name = LaunchScreen.storyboard;
			sourceTree = "<group>";
		};
/* End PBXVariantGroup section */

/* Begin XCBuildConfiguration section */
		579D31801DC341F80003ABC2 /* Debug */ = {
			isa = XCBuildConfiguration;
			buildSettings = {
				ALWAYS_SEARCH_USER_PATHS = NO;
				CLANG_ANALYZER_NONNULL = YES;
				CLANG_CXX_LANGUAGE_STANDARD = "gnu++0x";
				CLANG_CXX_LIBRARY = "libc++";
				CLANG_ENABLE_MODULES = YES;
				CLANG_ENABLE_OBJC_ARC = YES;
				CLANG_WARN_BOOL_CONVERSION = YES;
				CLANG_WARN_CONSTANT_CONVERSION = YES;
				CLANG_WARN_DIRECT_OBJC_ISA_USAGE = YES_ERROR;
				CLANG_WARN_DOCUMENTATION_COMMENTS = YES;
				CLANG_WARN_EMPTY_BODY = YES;
				CLANG_WARN_ENUM_CONVERSION = YES;
				CLANG_WARN_INFINITE_RECURSION = YES;
				CLANG_WARN_INT_CONVERSION = YES;
				CLANG_WARN_OBJC_ROOT_CLASS = YES_ERROR;
				CLANG_WARN_SUSPICIOUS_MOVES = YES;
				CLANG_WARN_UNREACHABLE_CODE = YES;
				CLANG_WARN__DUPLICATE_METHOD_MATCH = YES;
				"CODE_SIGN_IDENTITY[sdk=iphoneos*]" = "iPhone Developer";
				COPY_PHASE_STRIP = NO;
				DEBUG_INFORMATION_FORMAT = dwarf;
				ENABLE_STRICT_OBJC_MSGSEND = YES;
				ENABLE_TESTABILITY = YES;
				GCC_C_LANGUAGE_STANDARD = gnu99;
				GCC_DYNAMIC_NO_PIC = NO;
				GCC_NO_COMMON_BLOCKS = YES;
				GCC_OPTIMIZATION_LEVEL = 0;
				GCC_PREPROCESSOR_DEFINITIONS = (
					"DEBUG=1",
					"$(inherited)",
				);
				GCC_WARN_64_TO_32_BIT_CONVERSION = YES;
				GCC_WARN_ABOUT_RETURN_TYPE = YES_ERROR;
				GCC_WARN_UNDECLARED_SELECTOR = YES;
				GCC_WARN_UNINITIALIZED_AUTOS = YES_AGGRESSIVE;
				GCC_WARN_UNUSED_FUNCTION = YES;
				GCC_WARN_UNUSED_VARIABLE = YES;
				IPHONEOS_DEPLOYMENT_TARGET = 10.0;
				MTL_ENABLE_DEBUG_INFO = YES;
				ONLY_ACTIVE_ARCH = YES;
				SDKROOT = iphoneos;
				TARGETED_DEVICE_FAMILY = "1,2";
			};
			name = Debug;
		};
		579D31811DC341F80003ABC2 /* Release */ = {
			isa = XCBuildConfiguration;
			buildSettings = {
				ALWAYS_SEARCH_USER_PATHS = NO;
				CLANG_ANALYZER_NONNULL = YES;
				CLANG_CXX_LANGUAGE_STANDARD = "gnu++0x";
				CLANG_CXX_LIBRARY = "libc++";
				CLANG_ENABLE_MODULES = YES;
				CLANG_ENABLE_OBJC_ARC = YES;
				CLANG_WARN_BOOL_CONVERSION = YES;
				CLANG_WARN_CONSTANT_CONVERSION = YES;
				CLANG_WARN_DIRECT_OBJC_ISA_USAGE = YES_ERROR;
				CLANG_WARN_DOCUMENTATION_COMMENTS = YES;
				CLANG_WARN_EMPTY_BODY = YES;
				CLANG_WARN_ENUM_CONVERSION = YES;
				CLANG_WARN_INFINITE_RECURSION = YES;
				CLANG_WARN_INT_CONVERSION = YES;
				CLANG_WARN_OBJC_ROOT_CLASS = YES_ERROR;
				CLANG_WARN_SUSPICIOUS_MOVES = YES;
				CLANG_WARN_UNREACHABLE_CODE = YES;
				CLANG_WARN__DUPLICATE_METHOD_MATCH = YES;
				"CODE_SIGN_IDENTITY[sdk=iphoneos*]" = "iPhone Developer";
				COPY_PHASE_STRIP = NO;
				DEBUG_INFORMATION_FORMAT = "dwarf-with-dsym";
				ENABLE_NS_ASSERTIONS = NO;
				ENABLE_STRICT_OBJC_MSGSEND = YES;
				GCC_C_LANGUAGE_STANDARD = gnu99;
				GCC_NO_COMMON_BLOCKS = YES;
				GCC_WARN_64_TO_32_BIT_CONVERSION = YES;
				GCC_WARN_ABOUT_RETURN_TYPE = YES_ERROR;
				GCC_WARN_UNDECLARED_SELECTOR = YES;
				GCC_WARN_UNINITIALIZED_AUTOS = YES_AGGRESSIVE;
				GCC_WARN_UNUSED_FUNCTION = YES;
				GCC_WARN_UNUSED_VARIABLE = YES;
				IPHONEOS_DEPLOYMENT_TARGET = 10.0;
				MTL_ENABLE_DEBUG_INFO = NO;
				SDKROOT = iphoneos;
				TARGETED_DEVICE_FAMILY = "1,2";
				VALIDATE_PRODUCT = YES;
			};
			name = Release;
		};
		579D31831DC341F80003ABC2 /* Debug */ = {
			isa = XCBuildConfiguration;
			buildSettings = {
				ASSETCATALOG_COMPILER_APPICON_NAME = AppIcon;
				DEVELOPMENT_TEAM = 3PTYV272Z4;
				INFOPLIST_FILE = TestCollectionView/Info.plist;
				LD_RUNPATH_SEARCH_PATHS = "$(inherited) @executable_path/Frameworks";
				PRODUCT_BUNDLE_IDENTIFIER = SiS.TestCollectionView;
				PRODUCT_NAME = "$(TARGET_NAME)";
			};
			name = Debug;
		};
		579D31841DC341F80003ABC2 /* Release */ = {
			isa = XCBuildConfiguration;
			buildSettings = {
				ASSETCATALOG_COMPILER_APPICON_NAME = AppIcon;
				DEVELOPMENT_TEAM = 3PTYV272Z4;
				INFOPLIST_FILE = TestCollectionView/Info.plist;
				LD_RUNPATH_SEARCH_PATHS = "$(inherited) @executable_path/Frameworks";
				PRODUCT_BUNDLE_IDENTIFIER = SiS.TestCollectionView;
				PRODUCT_NAME = "$(TARGET_NAME)";
			};
			name = Release;
		};
		579D31861DC341F80003ABC2 /* Debug */ = {
			isa = XCBuildConfiguration;
			buildSettings = {
				BUNDLE_LOADER = "$(TEST_HOST)";
				DEVELOPMENT_TEAM = 3PTYV272Z4;
				INFOPLIST_FILE = TestCollectionViewTests/Info.plist;
				LD_RUNPATH_SEARCH_PATHS = "$(inherited) @executable_path/Frameworks @loader_path/Frameworks";
				PRODUCT_BUNDLE_IDENTIFIER = SiS.TestCollectionViewTests;
				PRODUCT_NAME = "$(TARGET_NAME)";
				TEST_HOST = "$(BUILT_PRODUCTS_DIR)/TestCollectionView.app/TestCollectionView";
			};
			name = Debug;
		};
		579D31871DC341F80003ABC2 /* Release */ = {
			isa = XCBuildConfiguration;
			buildSettings = {
				BUNDLE_LOADER = "$(TEST_HOST)";
				DEVELOPMENT_TEAM = 3PTYV272Z4;
				INFOPLIST_FILE = TestCollectionViewTests/Info.plist;
				LD_RUNPATH_SEARCH_PATHS = "$(inherited) @executable_path/Frameworks @loader_path/Frameworks";
				PRODUCT_BUNDLE_IDENTIFIER = SiS.TestCollectionViewTests;
				PRODUCT_NAME = "$(TARGET_NAME)";
				TEST_HOST = "$(BUILT_PRODUCTS_DIR)/TestCollectionView.app/TestCollectionView";
			};
			name = Release;
		};
		579D31891DC341F80003ABC2 /* Debug */ = {
			isa = XCBuildConfiguration;
			buildSettings = {
				DEVELOPMENT_TEAM = 3PTYV272Z4;
				INFOPLIST_FILE = TestCollectionViewUITests/Info.plist;
				LD_RUNPATH_SEARCH_PATHS = "$(inherited) @executable_path/Frameworks @loader_path/Frameworks";
				PRODUCT_BUNDLE_IDENTIFIER = SiS.TestCollectionViewUITests;
				PRODUCT_NAME = "$(TARGET_NAME)";
				TEST_TARGET_NAME = TestCollectionView;
			};
			name = Debug;
		};
		579D318A1DC341F80003ABC2 /* Release */ = {
			isa = XCBuildConfiguration;
			buildSettings = {
				DEVELOPMENT_TEAM = 3PTYV272Z4;
				INFOPLIST_FILE = TestCollectionViewUITests/Info.plist;
				LD_RUNPATH_SEARCH_PATHS = "$(inherited) @executable_path/Frameworks @loader_path/Frameworks";
				PRODUCT_BUNDLE_IDENTIFIER = SiS.TestCollectionViewUITests;
				PRODUCT_NAME = "$(TARGET_NAME)";
				TEST_TARGET_NAME = TestCollectionView;
			};
			name = Release;
		};
/* End XCBuildConfiguration section */

/* Begin XCConfigurationList section */
		579D31501DC341F80003ABC2 /* Build configuration list for PBXProject "TestCollectionView" */ = {
			isa = XCConfigurationList;
			buildConfigurations = (
				579D31801DC341F80003ABC2 /* Debug */,
				579D31811DC341F80003ABC2 /* Release */,
			);
			defaultConfigurationIsVisible = 0;
			defaultConfigurationName = Release;
		};
		579D31821DC341F80003ABC2 /* Build configuration list for PBXNativeTarget "TestCollectionView" */ = {
			isa = XCConfigurationList;
			buildConfigurations = (
				579D31831DC341F80003ABC2 /* Debug */,
				579D31841DC341F80003ABC2 /* Release */,
			);
			defaultConfigurationIsVisible = 0;
			defaultConfigurationName = Release;
		};
		579D31851DC341F80003ABC2 /* Build configuration list for PBXNativeTarget "TestCollectionViewTests" */ = {
			isa = XCConfigurationList;
			buildConfigurations = (
				579D31861DC341F80003ABC2 /* Debug */,
				579D31871DC341F80003ABC2 /* Release */,
			);
			defaultConfigurationIsVisible = 0;
			defaultConfigurationName = Release;
		};
		579D31881DC341F80003ABC2 /* Build configuration list for PBXNativeTarget "TestCollectionViewUITests" */ = {
			isa = XCConfigurationList;
			buildConfigurations = (
				579D31891DC341F80003ABC2 /* Debug */,
				579D318A1DC341F80003ABC2 /* Release */,
			);
			defaultConfigurationIsVisible = 0;
			defaultConfigurationName = Release;
		};
/* End XCConfigurationList section */
	};
	rootObject = 579D314D1DC341F80003ABC2 /* Project object */;
}
